
Microsoft Visual Studio Solution File, Format Version 12.00
# Visual Studio Version 17
VisualStudioVersion = 17.12.35514.174
MinimumVisualStudioVersion = 10.0.40219.1
Project("{FAE04EC0-301F-11D3-BF4B-00C04F79EFBC}") = "CollectionsSamples", "CollectionsSamples\CollectionsSamples.csproj", "{789C1AD3-0F38-4E72-AA06-ED0FFEBBA9D7}"
EndProject
Project("{FAE04EC0-301F-11D3-BF4B-00C04F79EFBC}") = "CollectionsPractice", "CollectionsPractice\CollectionsPractice.csproj", "{9D9F0888-F85A-4758-B16D-E9389B21FB93}"
EndProject
Project("{FAE04EC0-301F-11D3-BF4B-00C04F79EFBC}") = "CustomerQueue", "CustomerQueue\CustomerQueue.csproj", "{DDB28417-0F18-4CFF-A1E1-472DB8825AB2}"
EndProject
Project("{FAE04EC0-301F-11D3-BF4B-00C04F79EFBC}") = "RevertStringStack", "RevertStringStack\RevertStringStack.csproj", "{AC0CCEEA-359A-4AB6-BCF5-E88278683E17}"
EndProject
Project("{FAE04EC0-301F-11D3-BF4B-00C04F79EFBC}") = "Inerhitance&PolymorphismSample", "Inerhitance&PolymorphismSample\Inerhitance&PolymorphismSample.csproj", "{7FB311D4-5CD7-4979-9FA1-87D104A90320}"
EndProject
Project("{FAE04EC0-301F-11D3-BF4B-00C04F79EFBC}") = "Inerhitance&PolymorphismPractice1", "Inerhitance&PolymorphismPractice1\Inerhitance&PolymorphismPractice1.csproj", "{7B9A990B-B007-437C-98AF-AB9485682FCF}"
EndProject
Project("{FAE04EC0-301F-11D3-BF4B-00C04F79EFBC}") = "Inerhitance&PolymorphismPractice2", "Inerhitance&PolymorphismPractice2\Inerhitance&PolymorphismPractice2.csproj", "{1217BFF9-1C7F-4FDF-9DE4-DF73A561301E}"
EndProject
Project("{FAE04EC0-301F-11D3-BF4B-00C04F79EFBC}") = "AbstractClassSample", "AbstractClassSample\AbstractClassSample.csproj", "{6BA8AFF6-120C-45BD-B3D5-8F8D83A55481}"
EndProject
Project("{FAE04EC0-301F-11D3-BF4B-00C04F79EFBC}") = "InterfaceSample", "InterfaceSample\InterfaceSample.csproj", "{C48806BD-7C08-4BB9-84D6-A683087DECD4}"
EndProject
Project("{FAE04EC0-301F-11D3-BF4B-00C04F79EFBC}") = "CombineAbstractClassAndInterface", "CombineAbstractClassAndInterface\CombineAbstractClassAndInterface.csproj", "{E24AEF14-FF10-4F47-9FF1-75FC395BA121}"
EndProject
Project("{FAE04EC0-301F-11D3-BF4B-00C04F79EFBC}") = "CombineAbstractClassAndInterfacePractice", "CombineAbstractClassAndInterfacePractice\CombineAbstractClassAndInterfacePractice.csproj", "{F6409D4B-36CE-4E95-948A-E477D51D7EA3}"
EndProject
Project("{FAE04EC0-301F-11D3-BF4B-00C04F79EFBC}") = "EncapsulationSample", "EncapsulationSample\EncapsulationSample.csproj", "{9E2173D2-6AD9-4E5F-9DF9-DFEE477783C9}"
EndProject
Project("{FAE04EC0-301F-11D3-BF4B-00C04F79EFBC}") = "EnumerationSample", "EnumerationSample\EnumerationSample.csproj", "{27009255-8C6C-425F-9ED4-5EF2F0E72AD3}"
EndProject
Project("{FAE04EC0-301F-11D3-BF4B-00C04F79EFBC}") = "MathSample", "MathSample\MathSample.csproj", "{7D5C5B40-5E2E-4491-9560-1C8E1520DB6A}"
EndProject
Project("{FAE04EC0-301F-11D3-BF4B-00C04F79EFBC}") = "MathPractice1", "MathPractice1\MathPractice1.csproj", "{06D4257E-38B7-4F16-8D1D-384AE03BFC12}"
EndProject
Project("{FAE04EC0-301F-11D3-BF4B-00C04F79EFBC}") = "DateTimeSample", "DateTimeSample\DateTimeSample.csproj", "{D29903B4-461E-41E8-AA43-5EFF9BAFCC80}"
EndProject
Project("{FAE04EC0-301F-11D3-BF4B-00C04F79EFBC}") = "DateTimePractice1", "DateTimePractice1\DateTimePractice1.csproj", "{13774B7C-785C-4C6E-B05E-2EA691E6DE4D}"
EndProject
Project("{FAE04EC0-301F-11D3-BF4B-00C04F79EFBC}") = "DateTimePractice2", "DateTimePractice2\DateTimePractice2.csproj", "{2E53F6A6-BCA2-40E2-849B-1DC85F7F7FBE}"
EndProject
Project("{FAE04EC0-301F-11D3-BF4B-00C04F79EFBC}") = "EndOfTheYearCounter", "EndOfTheYearCounter\EndOfTheYearCounter.csproj", "{D2ABF53E-898A-4010-9747-A5A1DD7423F7}"
EndProject
Project("{FAE04EC0-301F-11D3-BF4B-00C04F79EFBC}") = "NullableType", "NullableType\NullableType.csproj", "{02A98D0F-CACE-4A73-8CD1-533A0A20B4BF}"
EndProject
Project("{FAE04EC0-301F-11D3-BF4B-00C04F79EFBC}") = "AnonymousMethodsSample", "AnonymousMethodsSample\AnonymousMethodsSample.csproj", "{26FBB171-07B5-47E6-B820-51211A8060CB}"
EndProject
Project("{FAE04EC0-301F-11D3-BF4B-00C04F79EFBC}") = "DeligatePractice", "DeligatePractice\DeligatePractice.csproj", "{B4481F82-A902-46FB-8885-E5037CE02EFE}"
EndProject
Project("{FAE04EC0-301F-11D3-BF4B-00C04F79EFBC}") = "AnonymousMethodPractice", "AnonymousMethodPractice\AnonymousMethodPractice.csproj", "{ADA5C94D-5244-4017-B411-53A516F8E725}"
EndProject
Project("{FAE04EC0-301F-11D3-BF4B-00C04F79EFBC}") = "LinqQueryExample", "LinqQueryExample\LinqQueryExample.csproj", "{2C7EA1C0-65FA-4872-9138-B231DA738EAB}"
EndProject
Project("{FAE04EC0-301F-11D3-BF4B-00C04F79EFBC}") = "LINQCollectionSample", "LINQCollectionSample\LINQCollectionSample.csproj", "{D6148DA3-4E7E-40F0-B493-5D210DDF1F56}"
EndProject
Global
	GlobalSection(SolutionConfigurationPlatforms) = preSolution
		Debug|Any CPU = Debug|Any CPU
		Release|Any CPU = Release|Any CPU
	EndGlobalSection
	GlobalSection(ProjectConfigurationPlatforms) = postSolution
		{789C1AD3-0F38-4E72-AA06-ED0FFEBBA9D7}.Debug|Any CPU.ActiveCfg = Debug|Any CPU
		{789C1AD3-0F38-4E72-AA06-ED0FFEBBA9D7}.Debug|Any CPU.Build.0 = Debug|Any CPU
		{789C1AD3-0F38-4E72-AA06-ED0FFEBBA9D7}.Release|Any CPU.ActiveCfg = Release|Any CPU
		{789C1AD3-0F38-4E72-AA06-ED0FFEBBA9D7}.Release|Any CPU.Build.0 = Release|Any CPU
		{9D9F0888-F85A-4758-B16D-E9389B21FB93}.Debug|Any CPU.ActiveCfg = Debug|Any CPU
		{9D9F0888-F85A-4758-B16D-E9389B21FB93}.Debug|Any CPU.Build.0 = Debug|Any CPU
		{9D9F0888-F85A-4758-B16D-E9389B21FB93}.Release|Any CPU.ActiveCfg = Release|Any CPU
		{9D9F0888-F85A-4758-B16D-E9389B21FB93}.Release|Any CPU.Build.0 = Release|Any CPU
		{DDB28417-0F18-4CFF-A1E1-472DB8825AB2}.Debug|Any CPU.ActiveCfg = Debug|Any CPU
		{DDB28417-0F18-4CFF-A1E1-472DB8825AB2}.Debug|Any CPU.Build.0 = Debug|Any CPU
		{DDB28417-0F18-4CFF-A1E1-472DB8825AB2}.Release|Any CPU.ActiveCfg = Release|Any CPU
		{DDB28417-0F18-4CFF-A1E1-472DB8825AB2}.Release|Any CPU.Build.0 = Release|Any CPU
		{AC0CCEEA-359A-4AB6-BCF5-E88278683E17}.Debug|Any CPU.ActiveCfg = Debug|Any CPU
		{AC0CCEEA-359A-4AB6-BCF5-E88278683E17}.Debug|Any CPU.Build.0 = Debug|Any CPU
		{AC0CCEEA-359A-4AB6-BCF5-E88278683E17}.Release|Any CPU.ActiveCfg = Release|Any CPU
		{AC0CCEEA-359A-4AB6-BCF5-E88278683E17}.Release|Any CPU.Build.0 = Release|Any CPU
		{7FB311D4-5CD7-4979-9FA1-87D104A90320}.Debug|Any CPU.ActiveCfg = Debug|Any CPU
		{7FB311D4-5CD7-4979-9FA1-87D104A90320}.Debug|Any CPU.Build.0 = Debug|Any CPU
		{7FB311D4-5CD7-4979-9FA1-87D104A90320}.Release|Any CPU.ActiveCfg = Release|Any CPU
		{7FB311D4-5CD7-4979-9FA1-87D104A90320}.Release|Any CPU.Build.0 = Release|Any CPU
		{7B9A990B-B007-437C-98AF-AB9485682FCF}.Debug|Any CPU.ActiveCfg = Debug|Any CPU
		{7B9A990B-B007-437C-98AF-AB9485682FCF}.Debug|Any CPU.Build.0 = Debug|Any CPU
		{7B9A990B-B007-437C-98AF-AB9485682FCF}.Release|Any CPU.ActiveCfg = Release|Any CPU
		{7B9A990B-B007-437C-98AF-AB9485682FCF}.Release|Any CPU.Build.0 = Release|Any CPU
		{1217BFF9-1C7F-4FDF-9DE4-DF73A561301E}.Debug|Any CPU.ActiveCfg = Debug|Any CPU
		{1217BFF9-1C7F-4FDF-9DE4-DF73A561301E}.Debug|Any CPU.Build.0 = Debug|Any CPU
		{1217BFF9-1C7F-4FDF-9DE4-DF73A561301E}.Release|Any CPU.ActiveCfg = Release|Any CPU
		{1217BFF9-1C7F-4FDF-9DE4-DF73A561301E}.Release|Any CPU.Build.0 = Release|Any CPU
		{6BA8AFF6-120C-45BD-B3D5-8F8D83A55481}.Debug|Any CPU.ActiveCfg = Debug|Any CPU
		{6BA8AFF6-120C-45BD-B3D5-8F8D83A55481}.Debug|Any CPU.Build.0 = Debug|Any CPU
		{6BA8AFF6-120C-45BD-B3D5-8F8D83A55481}.Release|Any CPU.ActiveCfg = Release|Any CPU
		{6BA8AFF6-120C-45BD-B3D5-8F8D83A55481}.Release|Any CPU.Build.0 = Release|Any CPU
		{C48806BD-7C08-4BB9-84D6-A683087DECD4}.Debug|Any CPU.ActiveCfg = Debug|Any CPU
		{C48806BD-7C08-4BB9-84D6-A683087DECD4}.Debug|Any CPU.Build.0 = Debug|Any CPU
		{C48806BD-7C08-4BB9-84D6-A683087DECD4}.Release|Any CPU.ActiveCfg = Release|Any CPU
		{C48806BD-7C08-4BB9-84D6-A683087DECD4}.Release|Any CPU.Build.0 = Release|Any CPU
		{E24AEF14-FF10-4F47-9FF1-75FC395BA121}.Debug|Any CPU.ActiveCfg = Debug|Any CPU
		{E24AEF14-FF10-4F47-9FF1-75FC395BA121}.Debug|Any CPU.Build.0 = Debug|Any CPU
		{E24AEF14-FF10-4F47-9FF1-75FC395BA121}.Release|Any CPU.ActiveCfg = Release|Any CPU
		{E24AEF14-FF10-4F47-9FF1-75FC395BA121}.Release|Any CPU.Build.0 = Release|Any CPU
		{F6409D4B-36CE-4E95-948A-E477D51D7EA3}.Debug|Any CPU.ActiveCfg = Debug|Any CPU
		{F6409D4B-36CE-4E95-948A-E477D51D7EA3}.Debug|Any CPU.Build.0 = Debug|Any CPU
		{F6409D4B-36CE-4E95-948A-E477D51D7EA3}.Release|Any CPU.ActiveCfg = Release|Any CPU
		{F6409D4B-36CE-4E95-948A-E477D51D7EA3}.Release|Any CPU.Build.0 = Release|Any CPU
		{9E2173D2-6AD9-4E5F-9DF9-DFEE477783C9}.Debug|Any CPU.ActiveCfg = Debug|Any CPU
		{9E2173D2-6AD9-4E5F-9DF9-DFEE477783C9}.Debug|Any CPU.Build.0 = Debug|Any CPU
		{9E2173D2-6AD9-4E5F-9DF9-DFEE477783C9}.Release|Any CPU.ActiveCfg = Release|Any CPU
		{9E2173D2-6AD9-4E5F-9DF9-DFEE477783C9}.Release|Any CPU.Build.0 = Release|Any CPU
		{27009255-8C6C-425F-9ED4-5EF2F0E72AD3}.Debug|Any CPU.ActiveCfg = Debug|Any CPU
		{27009255-8C6C-425F-9ED4-5EF2F0E72AD3}.Debug|Any CPU.Build.0 = Debug|Any CPU
		{27009255-8C6C-425F-9ED4-5EF2F0E72AD3}.Release|Any CPU.ActiveCfg = Release|Any CPU
		{27009255-8C6C-425F-9ED4-5EF2F0E72AD3}.Release|Any CPU.Build.0 = Release|Any CPU
		{7D5C5B40-5E2E-4491-9560-1C8E1520DB6A}.Debug|Any CPU.ActiveCfg = Debug|Any CPU
		{7D5C5B40-5E2E-4491-9560-1C8E1520DB6A}.Debug|Any CPU.Build.0 = Debug|Any CPU
		{7D5C5B40-5E2E-4491-9560-1C8E1520DB6A}.Release|Any CPU.ActiveCfg = Release|Any CPU
		{7D5C5B40-5E2E-4491-9560-1C8E1520DB6A}.Release|Any CPU.Build.0 = Release|Any CPU
		{06D4257E-38B7-4F16-8D1D-384AE03BFC12}.Debug|Any CPU.ActiveCfg = Debug|Any CPU
		{06D4257E-38B7-4F16-8D1D-384AE03BFC12}.Debug|Any CPU.Build.0 = Debug|Any CPU
		{06D4257E-38B7-4F16-8D1D-384AE03BFC12}.Release|Any CPU.ActiveCfg = Release|Any CPU
		{06D4257E-38B7-4F16-8D1D-384AE03BFC12}.Release|Any CPU.Build.0 = Release|Any CPU
		{D29903B4-461E-41E8-AA43-5EFF9BAFCC80}.Debug|Any CPU.ActiveCfg = Debug|Any CPU
		{D29903B4-461E-41E8-AA43-5EFF9BAFCC80}.Debug|Any CPU.Build.0 = Debug|Any CPU
		{D29903B4-461E-41E8-AA43-5EFF9BAFCC80}.Release|Any CPU.ActiveCfg = Release|Any CPU
		{D29903B4-461E-41E8-AA43-5EFF9BAFCC80}.Release|Any CPU.Build.0 = Release|Any CPU
		{13774B7C-785C-4C6E-B05E-2EA691E6DE4D}.Debug|Any CPU.ActiveCfg = Debug|Any CPU
		{13774B7C-785C-4C6E-B05E-2EA691E6DE4D}.Debug|Any CPU.Build.0 = Debug|Any CPU
		{13774B7C-785C-4C6E-B05E-2EA691E6DE4D}.Release|Any CPU.ActiveCfg = Release|Any CPU
		{13774B7C-785C-4C6E-B05E-2EA691E6DE4D}.Release|Any CPU.Build.0 = Release|Any CPU
		{2E53F6A6-BCA2-40E2-849B-1DC85F7F7FBE}.Debug|Any CPU.ActiveCfg = Debug|Any CPU
		{2E53F6A6-BCA2-40E2-849B-1DC85F7F7FBE}.Debug|Any CPU.Build.0 = Debug|Any CPU
		{2E53F6A6-BCA2-40E2-849B-1DC85F7F7FBE}.Release|Any CPU.ActiveCfg = Release|Any CPU
		{2E53F6A6-BCA2-40E2-849B-1DC85F7F7FBE}.Release|Any CPU.Build.0 = Release|Any CPU
		{D2ABF53E-898A-4010-9747-A5A1DD7423F7}.Debug|Any CPU.ActiveCfg = Debug|Any CPU
		{D2ABF53E-898A-4010-9747-A5A1DD7423F7}.Debug|Any CPU.Build.0 = Debug|Any CPU
		{D2ABF53E-898A-4010-9747-A5A1DD7423F7}.Release|Any CPU.ActiveCfg = Release|Any CPU
		{D2ABF53E-898A-4010-9747-A5A1DD7423F7}.Release|Any CPU.Build.0 = Release|Any CPU
		{02A98D0F-CACE-4A73-8CD1-533A0A20B4BF}.Debug|Any CPU.ActiveCfg = Debug|Any CPU
		{02A98D0F-CACE-4A73-8CD1-533A0A20B4BF}.Debug|Any CPU.Build.0 = Debug|Any CPU
		{02A98D0F-CACE-4A73-8CD1-533A0A20B4BF}.Release|Any CPU.ActiveCfg = Release|Any CPU
		{02A98D0F-CACE-4A73-8CD1-533A0A20B4BF}.Release|Any CPU.Build.0 = Release|Any CPU
		{26FBB171-07B5-47E6-B820-51211A8060CB}.Debug|Any CPU.ActiveCfg = Debug|Any CPU
		{26FBB171-07B5-47E6-B820-51211A8060CB}.Debug|Any CPU.Build.0 = Debug|Any CPU
		{26FBB171-07B5-47E6-B820-51211A8060CB}.Release|Any CPU.ActiveCfg = Release|Any CPU
		{26FBB171-07B5-47E6-B820-51211A8060CB}.Release|Any CPU.Build.0 = Release|Any CPU
		{B4481F82-A902-46FB-8885-E5037CE02EFE}.Debug|Any CPU.ActiveCfg = Debug|Any CPU
		{B4481F82-A902-46FB-8885-E5037CE02EFE}.Debug|Any CPU.Build.0 = Debug|Any CPU
		{B4481F82-A902-46FB-8885-E5037CE02EFE}.Release|Any CPU.ActiveCfg = Release|Any CPU
		{B4481F82-A902-46FB-8885-E5037CE02EFE}.Release|Any CPU.Build.0 = Release|Any CPU
		{ADA5C94D-5244-4017-B411-53A516F8E725}.Debug|Any CPU.ActiveCfg = Debug|Any CPU
		{ADA5C94D-5244-4017-B411-53A516F8E725}.Debug|Any CPU.Build.0 = Debug|Any CPU
		{ADA5C94D-5244-4017-B411-53A516F8E725}.Release|Any CPU.ActiveCfg = Release|Any CPU
		{ADA5C94D-5244-4017-B411-53A516F8E725}.Release|Any CPU.Build.0 = Release|Any CPU
		{2C7EA1C0-65FA-4872-9138-B231DA738EAB}.Debug|Any CPU.ActiveCfg = Debug|Any CPU
		{2C7EA1C0-65FA-4872-9138-B231DA738EAB}.Debug|Any CPU.Build.0 = Debug|Any CPU
		{2C7EA1C0-65FA-4872-9138-B231DA738EAB}.Release|Any CPU.ActiveCfg = Release|Any CPU
		{2C7EA1C0-65FA-4872-9138-B231DA738EAB}.Release|Any CPU.Build.0 = Release|Any CPU
		{D6148DA3-4E7E-40F0-B493-5D210DDF1F56}.Debug|Any CPU.ActiveCfg = Debug|Any CPU
		{D6148DA3-4E7E-40F0-B493-5D210DDF1F56}.Debug|Any CPU.Build.0 = Debug|Any CPU
		{D6148DA3-4E7E-40F0-B493-5D210DDF1F56}.Release|Any CPU.ActiveCfg = Release|Any CPU
		{D6148DA3-4E7E-40F0-B493-5D210DDF1F56}.Release|Any CPU.Build.0 = Release|Any CPU
	EndGlobalSection
	GlobalSection(SolutionProperties) = preSolution
		HideSolutionNode = FALSE
	EndGlobalSection
EndGlobal
